// !$*UTF8*$!
{
	archiveVersion = 1;
	classes = {
	};
	objectVersion = 56;
	objects = {

/* Begin PBXBuildFile section */
		061E2F1B2B6BE23E00209E16 /* Font.swift in Sources */ = {isa = PBXBuildFile; fileRef = 061E2F1A2B6BE23E00209E16 /* Font.swift */; };
		061E2F1E2B6CECE600209E16 /* CustomTabBarView.swift in Sources */ = {isa = PBXBuildFile; fileRef = 061E2F1D2B6CECE600209E16 /* CustomTabBarView.swift */; };
		061E2F202B6CF70300209E16 /* TabBarButton.swift in Sources */ = {isa = PBXBuildFile; fileRef = 061E2F1F2B6CF70300209E16 /* TabBarButton.swift */; };
		061E2F222B6CFA6B00209E16 /* GoogleService-Info.plist in Resources */ = {isa = PBXBuildFile; fileRef = 061E2F212B6CFA6B00209E16 /* GoogleService-Info.plist */; };
		061E2F252B6CFB6700209E16 /* FirebaseAppDistribution-Beta in Frameworks */ = {isa = PBXBuildFile; productRef = 061E2F242B6CFB6700209E16 /* FirebaseAppDistribution-Beta */; };
		061E2F272B6CFB6700209E16 /* FirebaseAuth in Frameworks */ = {isa = PBXBuildFile; productRef = 061E2F262B6CFB6700209E16 /* FirebaseAuth */; };
		061E2F292B6CFB6700209E16 /* FirebaseAuthCombine-Community in Frameworks */ = {isa = PBXBuildFile; productRef = 061E2F282B6CFB6700209E16 /* FirebaseAuthCombine-Community */; };
		061E2F2B2B6CFB6700209E16 /* FirebaseDatabase in Frameworks */ = {isa = PBXBuildFile; productRef = 061E2F2A2B6CFB6700209E16 /* FirebaseDatabase */; };
		061E2F2D2B6CFB6700209E16 /* FirebaseDatabaseSwift in Frameworks */ = {isa = PBXBuildFile; productRef = 061E2F2C2B6CFB6700209E16 /* FirebaseDatabaseSwift */; };
		061E2F2F2B6CFB6700209E16 /* FirebaseFirestore in Frameworks */ = {isa = PBXBuildFile; productRef = 061E2F2E2B6CFB6700209E16 /* FirebaseFirestore */; };
		061E2F312B6CFB6700209E16 /* FirebaseFirestoreCombine-Community in Frameworks */ = {isa = PBXBuildFile; productRef = 061E2F302B6CFB6700209E16 /* FirebaseFirestoreCombine-Community */; };
		061E2F332B6CFB6700209E16 /* FirebaseFirestoreSwift in Frameworks */ = {isa = PBXBuildFile; productRef = 061E2F322B6CFB6700209E16 /* FirebaseFirestoreSwift */; };
		061E2F352B6CFB6700209E16 /* FirebaseFunctions in Frameworks */ = {isa = PBXBuildFile; productRef = 061E2F342B6CFB6700209E16 /* FirebaseFunctions */; };
		061E2F372B6CFB6700209E16 /* FirebaseFunctionsCombine-Community in Frameworks */ = {isa = PBXBuildFile; productRef = 061E2F362B6CFB6700209E16 /* FirebaseFunctionsCombine-Community */; };
		061E2F392B6CFB6700209E16 /* FirebaseStorage in Frameworks */ = {isa = PBXBuildFile; productRef = 061E2F382B6CFB6700209E16 /* FirebaseStorage */; };
		061E2F3B2B6CFB6700209E16 /* FirebaseStorageCombine-Community in Frameworks */ = {isa = PBXBuildFile; productRef = 061E2F3A2B6CFB6700209E16 /* FirebaseStorageCombine-Community */; };
		061E2F402B6CFE1800209E16 /* AuthKey_B3W7X9N7T2.p8 in Resources */ = {isa = PBXBuildFile; fileRef = 061E2F3F2B6CFE1800209E16 /* AuthKey_B3W7X9N7T2.p8 */; };
		061E2F422B6D003500209E16 /* AuthViewModel.swift in Sources */ = {isa = PBXBuildFile; fileRef = 061E2F412B6D003500209E16 /* AuthViewModel.swift */; };
		066E15412B67895100E8D512 /* swiftui_chatappApp.swift in Sources */ = {isa = PBXBuildFile; fileRef = 066E15402B67895100E8D512 /* swiftui_chatappApp.swift */; };
		066E15432B67895100E8D512 /* RootView.swift in Sources */ = {isa = PBXBuildFile; fileRef = 066E15422B67895100E8D512 /* RootView.swift */; };
		066E15452B67895200E8D512 /* Assets.xcassets in Resources */ = {isa = PBXBuildFile; fileRef = 066E15442B67895200E8D512 /* Assets.xcassets */; };
		066E15482B67895200E8D512 /* Preview Assets.xcassets in Resources */ = {isa = PBXBuildFile; fileRef = 066E15472B67895200E8D512 /* Preview Assets.xcassets */; };
		068EA39F2B6E477200B157D2 /* OnboardingContainerView.swift in Sources */ = {isa = PBXBuildFile; fileRef = 068EA39E2B6E477200B157D2 /* OnboardingContainerView.swift */; };
		068EA3A12B6E488000B157D2 /* WelcomeView.swift in Sources */ = {isa = PBXBuildFile; fileRef = 068EA3A02B6E488000B157D2 /* WelcomeView.swift */; };
		068EA3A32B6E488B00B157D2 /* PhoneNumberView.swift in Sources */ = {isa = PBXBuildFile; fileRef = 068EA3A22B6E488B00B157D2 /* PhoneNumberView.swift */; };
		068EA3A52B6E489500B157D2 /* VerificationView.swift in Sources */ = {isa = PBXBuildFile; fileRef = 068EA3A42B6E489500B157D2 /* VerificationView.swift */; };
		068EA3A72B6E48A300B157D2 /* CreateProfileView.swift in Sources */ = {isa = PBXBuildFile; fileRef = 068EA3A62B6E48A300B157D2 /* CreateProfileView.swift */; };
		068EA3A92B6E48B000B157D2 /* SyncContactsView.swift in Sources */ = {isa = PBXBuildFile; fileRef = 068EA3A82B6E48B000B157D2 /* SyncContactsView.swift */; };
		068EA3AB2B6E4A4A00B157D2 /* AppDelegate.swift in Sources */ = {isa = PBXBuildFile; fileRef = 068EA3AA2B6E4A4A00B157D2 /* AppDelegate.swift */; };
		068EA3AD2B6E4E5800B157D2 /* OnboardingButtonStyle.swift in Sources */ = {isa = PBXBuildFile; fileRef = 068EA3AC2B6E4E5800B157D2 /* OnboardingButtonStyle.swift */; };
/* End PBXBuildFile section */

/* Begin PBXFileReference section */
		061E2F162B6BDF6700209E16 /* LexendDeca-SemiBold.ttf */ = {isa = PBXFileReference; lastKnownFileType = file; path = "LexendDeca-SemiBold.ttf"; sourceTree = "<group>"; };
		061E2F172B6BDF6700209E16 /* LexendDeca-Bold.ttf */ = {isa = PBXFileReference; lastKnownFileType = file; path = "LexendDeca-Bold.ttf"; sourceTree = "<group>"; };
		061E2F182B6BDF6700209E16 /* LexendDeca-Regular.ttf */ = {isa = PBXFileReference; lastKnownFileType = file; path = "LexendDeca-Regular.ttf"; sourceTree = "<group>"; };
		061E2F192B6BDFA900209E16 /* swiftui-chatapp-Info.plist */ = {isa = PBXFileReference; lastKnownFileType = text.plist; path = "swiftui-chatapp-Info.plist"; sourceTree = SOURCE_ROOT; };
		061E2F1A2B6BE23E00209E16 /* Font.swift */ = {isa = PBXFileReference; lastKnownFileType = sourcecode.swift; path = Font.swift; sourceTree = "<group>"; };
		061E2F1D2B6CECE600209E16 /* CustomTabBarView.swift */ = {isa = PBXFileReference; lastKnownFileType = sourcecode.swift; path = CustomTabBarView.swift; sourceTree = "<group>"; };
		061E2F1F2B6CF70300209E16 /* TabBarButton.swift */ = {isa = PBXFileReference; lastKnownFileType = sourcecode.swift; path = TabBarButton.swift; sourceTree = "<group>"; };
		061E2F212B6CFA6B00209E16 /* GoogleService-Info.plist */ = {isa = PBXFileReference; fileEncoding = 4; lastKnownFileType = text.plist.xml; path = "GoogleService-Info.plist"; sourceTree = "<group>"; };
		061E2F3E2B6CFD3600209E16 /* swiftui_chatapp.entitlements */ = {isa = PBXFileReference; lastKnownFileType = text.plist.entitlements; path = swiftui_chatapp.entitlements; sourceTree = "<group>"; };
		061E2F3F2B6CFE1800209E16 /* AuthKey_B3W7X9N7T2.p8 */ = {isa = PBXFileReference; fileEncoding = 4; lastKnownFileType = text; path = AuthKey_B3W7X9N7T2.p8; sourceTree = "<group>"; };
		061E2F412B6D003500209E16 /* AuthViewModel.swift */ = {isa = PBXFileReference; lastKnownFileType = sourcecode.swift; path = AuthViewModel.swift; sourceTree = "<group>"; };
		066E153D2B67895100E8D512 /* swiftui_chatapp.app */ = {isa = PBXFileReference; explicitFileType = wrapper.application; includeInIndex = 0; path = swiftui_chatapp.app; sourceTree = BUILT_PRODUCTS_DIR; };
		066E15402B67895100E8D512 /* swiftui_chatappApp.swift */ = {isa = PBXFileReference; lastKnownFileType = sourcecode.swift; path = swiftui_chatappApp.swift; sourceTree = "<group>"; };
		066E15422B67895100E8D512 /* RootView.swift */ = {isa = PBXFileReference; lastKnownFileType = sourcecode.swift; path = RootView.swift; sourceTree = "<group>"; };
		066E15442B67895200E8D512 /* Assets.xcassets */ = {isa = PBXFileReference; lastKnownFileType = folder.assetcatalog; path = Assets.xcassets; sourceTree = "<group>"; };
		066E15472B67895200E8D512 /* Preview Assets.xcassets */ = {isa = PBXFileReference; lastKnownFileType = folder.assetcatalog; path = "Preview Assets.xcassets"; sourceTree = "<group>"; };
		068EA39E2B6E477200B157D2 /* OnboardingContainerView.swift */ = {isa = PBXFileReference; lastKnownFileType = sourcecode.swift; path = OnboardingContainerView.swift; sourceTree = "<group>"; };
		068EA3A02B6E488000B157D2 /* WelcomeView.swift */ = {isa = PBXFileReference; lastKnownFileType = sourcecode.swift; path = WelcomeView.swift; sourceTree = "<group>"; };
		068EA3A22B6E488B00B157D2 /* PhoneNumberView.swift */ = {isa = PBXFileReference; lastKnownFileType = sourcecode.swift; path = PhoneNumberView.swift; sourceTree = "<group>"; };
		068EA3A42B6E489500B157D2 /* VerificationView.swift */ = {isa = PBXFileReference; lastKnownFileType = sourcecode.swift; path = VerificationView.swift; sourceTree = "<group>"; };
		068EA3A62B6E48A300B157D2 /* CreateProfileView.swift */ = {isa = PBXFileReference; lastKnownFileType = sourcecode.swift; path = CreateProfileView.swift; sourceTree = "<group>"; };
		068EA3A82B6E48B000B157D2 /* SyncContactsView.swift */ = {isa = PBXFileReference; lastKnownFileType = sourcecode.swift; path = SyncContactsView.swift; sourceTree = "<group>"; };
		068EA3AA2B6E4A4A00B157D2 /* AppDelegate.swift */ = {isa = PBXFileReference; lastKnownFileType = sourcecode.swift; path = AppDelegate.swift; sourceTree = "<group>"; };
		068EA3AC2B6E4E5800B157D2 /* OnboardingButtonStyle.swift */ = {isa = PBXFileReference; lastKnownFileType = sourcecode.swift; path = OnboardingButtonStyle.swift; sourceTree = "<group>"; };
/* End PBXFileReference section */

/* Begin PBXFrameworksBuildPhase section */
		066E153A2B67895100E8D512 /* Frameworks */ = {
			isa = PBXFrameworksBuildPhase;
			buildActionMask = 2147483647;
			files = (
				061E2F2D2B6CFB6700209E16 /* FirebaseDatabaseSwift in Frameworks */,
				061E2F252B6CFB6700209E16 /* FirebaseAppDistribution-Beta in Frameworks */,
				061E2F292B6CFB6700209E16 /* FirebaseAuthCombine-Community in Frameworks */,
				061E2F372B6CFB6700209E16 /* FirebaseFunctionsCombine-Community in Frameworks */,
				061E2F352B6CFB6700209E16 /* FirebaseFunctions in Frameworks */,
				061E2F2B2B6CFB6700209E16 /* FirebaseDatabase in Frameworks */,
				061E2F272B6CFB6700209E16 /* FirebaseAuth in Frameworks */,
				061E2F2F2B6CFB6700209E16 /* FirebaseFirestore in Frameworks */,
				061E2F392B6CFB6700209E16 /* FirebaseStorage in Frameworks */,
				061E2F312B6CFB6700209E16 /* FirebaseFirestoreCombine-Community in Frameworks */,
				061E2F3B2B6CFB6700209E16 /* FirebaseStorageCombine-Community in Frameworks */,
				061E2F332B6CFB6700209E16 /* FirebaseFirestoreSwift in Frameworks */,
			);
			runOnlyForDeploymentPostprocessing = 0;
		};
/* End PBXFrameworksBuildPhase section */

/* Begin PBXGroup section */
		061E2F102B6BDB5D00209E16 /* Views */ = {
			isa = PBXGroup;
			children = (
				068EA39D2B6E475E00B157D2 /* Onboarding */,
				061E2F1C2B6CECBF00209E16 /* Custom Tab Bar */,
				066E15422B67895100E8D512 /* RootView.swift */,
			);
			path = Views;
			sourceTree = "<group>";
		};
		061E2F112B6BDB6A00209E16 /* Models */ = {
			isa = PBXGroup;
			children = (
			);
			path = Models;
			sourceTree = "<group>";
		};
		061E2F122B6BDB6F00209E16 /* ViewModels */ = {
			isa = PBXGroup;
			children = (
				061E2F412B6D003500209E16 /* AuthViewModel.swift */,
			);
			path = ViewModels;
			sourceTree = "<group>";
		};
		061E2F132B6BDB7600209E16 /* Services */ = {
			isa = PBXGroup;
			children = (
			);
			path = Services;
			sourceTree = "<group>";
		};
		061E2F142B6BDB7D00209E16 /* Helpers */ = {
			isa = PBXGroup;
			children = (
				061E2F1A2B6BE23E00209E16 /* Font.swift */,
				068EA3AC2B6E4E5800B157D2 /* OnboardingButtonStyle.swift */,
			);
			path = Helpers;
			sourceTree = "<group>";
		};
		061E2F152B6BDB8B00209E16 /* Fonts */ = {
			isa = PBXGroup;
			children = (
				061E2F172B6BDF6700209E16 /* LexendDeca-Bold.ttf */,
				061E2F182B6BDF6700209E16 /* LexendDeca-Regular.ttf */,
				061E2F162B6BDF6700209E16 /* LexendDeca-SemiBold.ttf */,
			);
			path = Fonts;
			sourceTree = "<group>";
		};
		061E2F1C2B6CECBF00209E16 /* Custom Tab Bar */ = {
			isa = PBXGroup;
			children = (
				061E2F1D2B6CECE600209E16 /* CustomTabBarView.swift */,
				061E2F1F2B6CF70300209E16 /* TabBarButton.swift */,
			);
			path = "Custom Tab Bar";
			sourceTree = "<group>";
		};
		061E2F432B6D018F00209E16 /* Secrets */ = {
			isa = PBXGroup;
			children = (
				061E2F3F2B6CFE1800209E16 /* AuthKey_B3W7X9N7T2.p8 */,
				061E2F212B6CFA6B00209E16 /* GoogleService-Info.plist */,
			);
			path = Secrets;
			sourceTree = "<group>";
		};
		066E15342B67895100E8D512 = {
			isa = PBXGroup;
			children = (
				066E153F2B67895100E8D512 /* swiftui_chatapp */,
				066E153E2B67895100E8D512 /* Products */,
			);
			sourceTree = "<group>";
		};
		066E153E2B67895100E8D512 /* Products */ = {
			isa = PBXGroup;
			children = (
				066E153D2B67895100E8D512 /* swiftui_chatapp.app */,
			);
			name = Products;
			sourceTree = "<group>";
		};
		066E153F2B67895100E8D512 /* swiftui_chatapp */ = {
			isa = PBXGroup;
			children = (
				061E2F432B6D018F00209E16 /* Secrets */,
				061E2F3E2B6CFD3600209E16 /* swiftui_chatapp.entitlements */,
				061E2F192B6BDFA900209E16 /* swiftui-chatapp-Info.plist */,
				066E15402B67895100E8D512 /* swiftui_chatappApp.swift */,
				061E2F102B6BDB5D00209E16 /* Views */,
				061E2F122B6BDB6F00209E16 /* ViewModels */,
				061E2F112B6BDB6A00209E16 /* Models */,
				061E2F132B6BDB7600209E16 /* Services */,
				061E2F152B6BDB8B00209E16 /* Fonts */,
				061E2F142B6BDB7D00209E16 /* Helpers */,
				066E15442B67895200E8D512 /* Assets.xcassets */,
				066E15462B67895200E8D512 /* Preview Content */,
				068EA3AA2B6E4A4A00B157D2 /* AppDelegate.swift */,
			);
			path = swiftui_chatapp;
			sourceTree = "<group>";
		};
		066E15462B67895200E8D512 /* Preview Content */ = {
			isa = PBXGroup;
			children = (
				066E15472B67895200E8D512 /* Preview Assets.xcassets */,
			);
			path = "Preview Content";
			sourceTree = "<group>";
		};
		068EA39D2B6E475E00B157D2 /* Onboarding */ = {
			isa = PBXGroup;
			children = (
				068EA39E2B6E477200B157D2 /* OnboardingContainerView.swift */,
				068EA3A02B6E488000B157D2 /* WelcomeView.swift */,
				068EA3A22B6E488B00B157D2 /* PhoneNumberView.swift */,
				068EA3A42B6E489500B157D2 /* VerificationView.swift */,
				068EA3A62B6E48A300B157D2 /* CreateProfileView.swift */,
				068EA3A82B6E48B000B157D2 /* SyncContactsView.swift */,
			);
			path = Onboarding;
			sourceTree = "<group>";
		};
/* End PBXGroup section */

/* Begin PBXNativeTarget section */
		066E153C2B67895100E8D512 /* swiftui_chatapp */ = {
			isa = PBXNativeTarget;
			buildConfigurationList = 066E154B2B67895200E8D512 /* Build configuration list for PBXNativeTarget "swiftui_chatapp" */;
			buildPhases = (
				066E15392B67895100E8D512 /* Sources */,
				066E153A2B67895100E8D512 /* Frameworks */,
				066E153B2B67895100E8D512 /* Resources */,
			);
			buildRules = (
			);
			dependencies = (
			);
			name = swiftui_chatapp;
			packageProductDependencies = (
				061E2F242B6CFB6700209E16 /* FirebaseAppDistribution-Beta */,
				061E2F262B6CFB6700209E16 /* FirebaseAuth */,
				061E2F282B6CFB6700209E16 /* FirebaseAuthCombine-Community */,
				061E2F2A2B6CFB6700209E16 /* FirebaseDatabase */,
				061E2F2C2B6CFB6700209E16 /* FirebaseDatabaseSwift */,
				061E2F2E2B6CFB6700209E16 /* FirebaseFirestore */,
				061E2F302B6CFB6700209E16 /* FirebaseFirestoreCombine-Community */,
				061E2F322B6CFB6700209E16 /* FirebaseFirestoreSwift */,
				061E2F342B6CFB6700209E16 /* FirebaseFunctions */,
				061E2F362B6CFB6700209E16 /* FirebaseFunctionsCombine-Community */,
				061E2F382B6CFB6700209E16 /* FirebaseStorage */,
				061E2F3A2B6CFB6700209E16 /* FirebaseStorageCombine-Community */,
			);
			productName = swiftui_chatapp;
			productReference = 066E153D2B67895100E8D512 /* swiftui_chatapp.app */;
			productType = "com.apple.product-type.application";
		};
/* End PBXNativeTarget section */

/* Begin PBXProject section */
		066E15352B67895100E8D512 /* Project object */ = {
			isa = PBXProject;
			attributes = {
				BuildIndependentTargetsInParallel = 1;
				LastSwiftUpdateCheck = 1520;
				LastUpgradeCheck = 1520;
				TargetAttributes = {
					066E153C2B67895100E8D512 = {
						CreatedOnToolsVersion = 15.2;
					};
				};
			};
			buildConfigurationList = 066E15382B67895100E8D512 /* Build configuration list for PBXProject "swiftui_chatapp" */;
			compatibilityVersion = "Xcode 14.0";
			developmentRegion = en;
			hasScannedForEncodings = 0;
			knownRegions = (
				en,
				Base,
			);
			mainGroup = 066E15342B67895100E8D512;
			packageReferences = (
				061E2F232B6CFB6700209E16 /* XCRemoteSwiftPackageReference "firebase-ios-sdk" */,
			);
			productRefGroup = 066E153E2B67895100E8D512 /* Products */;
			projectDirPath = "";
			projectRoot = "";
			targets = (
				066E153C2B67895100E8D512 /* swiftui_chatapp */,
			);
		};
/* End PBXProject section */

/* Begin PBXResourcesBuildPhase section */
		066E153B2B67895100E8D512 /* Resources */ = {
			isa = PBXResourcesBuildPhase;
			buildActionMask = 2147483647;
			files = (
				061E2F402B6CFE1800209E16 /* AuthKey_B3W7X9N7T2.p8 in Resources */,
				066E15482B67895200E8D512 /* Preview Assets.xcassets in Resources */,
				066E15452B67895200E8D512 /* Assets.xcassets in Resources */,
				061E2F222B6CFA6B00209E16 /* GoogleService-Info.plist in Resources */,
			);
			runOnlyForDeploymentPostprocessing = 0;
		};
/* End PBXResourcesBuildPhase section */

/* Begin PBXSourcesBuildPhase section */
		066E15392B67895100E8D512 /* Sources */ = {
			isa = PBXSourcesBuildPhase;
			buildActionMask = 2147483647;
			files = (
				068EA3A32B6E488B00B157D2 /* PhoneNumberView.swift in Sources */,
				066E15432B67895100E8D512 /* RootView.swift in Sources */,
				068EA3A72B6E48A300B157D2 /* CreateProfileView.swift in Sources */,
				066E15412B67895100E8D512 /* swiftui_chatappApp.swift in Sources */,
				068EA3AD2B6E4E5800B157D2 /* OnboardingButtonStyle.swift in Sources */,
				061E2F422B6D003500209E16 /* AuthViewModel.swift in Sources */,
				068EA3A12B6E488000B157D2 /* WelcomeView.swift in Sources */,
				068EA3A52B6E489500B157D2 /* VerificationView.swift in Sources */,
				061E2F1B2B6BE23E00209E16 /* Font.swift in Sources */,
				068EA3AB2B6E4A4A00B157D2 /* AppDelegate.swift in Sources */,
				068EA3A92B6E48B000B157D2 /* SyncContactsView.swift in Sources */,
				068EA39F2B6E477200B157D2 /* OnboardingContainerView.swift in Sources */,
				061E2F202B6CF70300209E16 /* TabBarButton.swift in Sources */,
				061E2F1E2B6CECE600209E16 /* CustomTabBarView.swift in Sources */,
			);
			runOnlyForDeploymentPostprocessing = 0;
		};
/* End PBXSourcesBuildPhase section */

/* Begin XCBuildConfiguration section */
		066E15492B67895200E8D512 /* Debug */ = {
			isa = XCBuildConfiguration;
			buildSettings = {
				ALWAYS_SEARCH_USER_PATHS = NO;
				ASSETCATALOG_COMPILER_GENERATE_SWIFT_ASSET_SYMBOL_EXTENSIONS = YES;
				CLANG_ANALYZER_NONNULL = YES;
				CLANG_ANALYZER_NUMBER_OBJECT_CONVERSION = YES_AGGRESSIVE;
				CLANG_CXX_LANGUAGE_STANDARD = "gnu++20";
				CLANG_ENABLE_MODULES = YES;
				CLANG_ENABLE_OBJC_ARC = YES;
				CLANG_ENABLE_OBJC_WEAK = YES;
				CLANG_WARN_BLOCK_CAPTURE_AUTORELEASING = YES;
				CLANG_WARN_BOOL_CONVERSION = YES;
				CLANG_WARN_COMMA = YES;
				CLANG_WARN_CONSTANT_CONVERSION = YES;
				CLANG_WARN_DEPRECATED_OBJC_IMPLEMENTATIONS = YES;
				CLANG_WARN_DIRECT_OBJC_ISA_USAGE = YES_ERROR;
				CLANG_WARN_DOCUMENTATION_COMMENTS = YES;
				CLANG_WARN_EMPTY_BODY = YES;
				CLANG_WARN_ENUM_CONVERSION = YES;
				CLANG_WARN_INFINITE_RECURSION = YES;
				CLANG_WARN_INT_CONVERSION = YES;
				CLANG_WARN_NON_LITERAL_NULL_CONVERSION = YES;
				CLANG_WARN_OBJC_IMPLICIT_RETAIN_SELF = YES;
				CLANG_WARN_OBJC_LITERAL_CONVERSION = YES;
				CLANG_WARN_OBJC_ROOT_CLASS = YES_ERROR;
				CLANG_WARN_QUOTED_INCLUDE_IN_FRAMEWORK_HEADER = YES;
				CLANG_WARN_RANGE_LOOP_ANALYSIS = YES;
				CLANG_WARN_STRICT_PROTOTYPES = YES;
				CLANG_WARN_SUSPICIOUS_MOVE = YES;
				CLANG_WARN_UNGUARDED_AVAILABILITY = YES_AGGRESSIVE;
				CLANG_WARN_UNREACHABLE_CODE = YES;
				CLANG_WARN__DUPLICATE_METHOD_MATCH = YES;
				COPY_PHASE_STRIP = NO;
				DEBUG_INFORMATION_FORMAT = dwarf;
				ENABLE_STRICT_OBJC_MSGSEND = YES;
				ENABLE_TESTABILITY = YES;
				ENABLE_USER_SCRIPT_SANDBOXING = YES;
				GCC_C_LANGUAGE_STANDARD = gnu17;
				GCC_DYNAMIC_NO_PIC = NO;
				GCC_NO_COMMON_BLOCKS = YES;
				GCC_OPTIMIZATION_LEVEL = 0;
				GCC_PREPROCESSOR_DEFINITIONS = (
					"DEBUG=1",
					"$(inherited)",
				);
				GCC_WARN_64_TO_32_BIT_CONVERSION = YES;
				GCC_WARN_ABOUT_RETURN_TYPE = YES_ERROR;
				GCC_WARN_UNDECLARED_SELECTOR = YES;
				GCC_WARN_UNINITIALIZED_AUTOS = YES_AGGRESSIVE;
				GCC_WARN_UNUSED_FUNCTION = YES;
				GCC_WARN_UNUSED_VARIABLE = YES;
				IPHONEOS_DEPLOYMENT_TARGET = 17.2;
				LOCALIZATION_PREFERS_STRING_CATALOGS = YES;
				MTL_ENABLE_DEBUG_INFO = INCLUDE_SOURCE;
				MTL_FAST_MATH = YES;
				ONLY_ACTIVE_ARCH = YES;
				SDKROOT = iphoneos;
				SWIFT_ACTIVE_COMPILATION_CONDITIONS = "DEBUG $(inherited)";
				SWIFT_OPTIMIZATION_LEVEL = "-Onone";
			};
			name = Debug;
		};
		066E154A2B67895200E8D512 /* Release */ = {
			isa = XCBuildConfiguration;
			buildSettings = {
				ALWAYS_SEARCH_USER_PATHS = NO;
				ASSETCATALOG_COMPILER_GENERATE_SWIFT_ASSET_SYMBOL_EXTENSIONS = YES;
				CLANG_ANALYZER_NONNULL = YES;
				CLANG_ANALYZER_NUMBER_OBJECT_CONVERSION = YES_AGGRESSIVE;
				CLANG_CXX_LANGUAGE_STANDARD = "gnu++20";
				CLANG_ENABLE_MODULES = YES;
				CLANG_ENABLE_OBJC_ARC = YES;
				CLANG_ENABLE_OBJC_WEAK = YES;
				CLANG_WARN_BLOCK_CAPTURE_AUTORELEASING = YES;
				CLANG_WARN_BOOL_CONVERSION = YES;
				CLANG_WARN_COMMA = YES;
				CLANG_WARN_CONSTANT_CONVERSION = YES;
				CLANG_WARN_DEPRECATED_OBJC_IMPLEMENTATIONS = YES;
				CLANG_WARN_DIRECT_OBJC_ISA_USAGE = YES_ERROR;
				CLANG_WARN_DOCUMENTATION_COMMENTS = YES;
				CLANG_WARN_EMPTY_BODY = YES;
				CLANG_WARN_ENUM_CONVERSION = YES;
				CLANG_WARN_INFINITE_RECURSION = YES;
				CLANG_WARN_INT_CONVERSION = YES;
				CLANG_WARN_NON_LITERAL_NULL_CONVERSION = YES;
				CLANG_WARN_OBJC_IMPLICIT_RETAIN_SELF = YES;
				CLANG_WARN_OBJC_LITERAL_CONVERSION = YES;
				CLANG_WARN_OBJC_ROOT_CLASS = YES_ERROR;
				CLANG_WARN_QUOTED_INCLUDE_IN_FRAMEWORK_HEADER = YES;
				CLANG_WARN_RANGE_LOOP_ANALYSIS = YES;
				CLANG_WARN_STRICT_PROTOTYPES = YES;
				CLANG_WARN_SUSPICIOUS_MOVE = YES;
				CLANG_WARN_UNGUARDED_AVAILABILITY = YES_AGGRESSIVE;
				CLANG_WARN_UNREACHABLE_CODE = YES;
				CLANG_WARN__DUPLICATE_METHOD_MATCH = YES;
				COPY_PHASE_STRIP = NO;
				DEBUG_INFORMATION_FORMAT = "dwarf-with-dsym";
				ENABLE_NS_ASSERTIONS = NO;
				ENABLE_STRICT_OBJC_MSGSEND = YES;
				ENABLE_USER_SCRIPT_SANDBOXING = YES;
				GCC_C_LANGUAGE_STANDARD = gnu17;
				GCC_NO_COMMON_BLOCKS = YES;
				GCC_WARN_64_TO_32_BIT_CONVERSION = YES;
				GCC_WARN_ABOUT_RETURN_TYPE = YES_ERROR;
				GCC_WARN_UNDECLARED_SELECTOR = YES;
				GCC_WARN_UNINITIALIZED_AUTOS = YES_AGGRESSIVE;
				GCC_WARN_UNUSED_FUNCTION = YES;
				GCC_WARN_UNUSED_VARIABLE = YES;
				IPHONEOS_DEPLOYMENT_TARGET = 17.2;
				LOCALIZATION_PREFERS_STRING_CATALOGS = YES;
				MTL_ENABLE_DEBUG_INFO = NO;
				MTL_FAST_MATH = YES;
				SDKROOT = iphoneos;
				SWIFT_COMPILATION_MODE = wholemodule;
				VALIDATE_PRODUCT = YES;
			};
			name = Release;
		};
		066E154C2B67895200E8D512 /* Debug */ = {
			isa = XCBuildConfiguration;
			buildSettings = {
				ASSETCATALOG_COMPILER_APPICON_NAME = AppIcon;
				ASSETCATALOG_COMPILER_GLOBAL_ACCENT_COLOR_NAME = AccentColor;
				CODE_SIGN_ENTITLEMENTS = swiftui_chatapp/swiftui_chatapp.entitlements;
				CODE_SIGN_STYLE = Automatic;
				CURRENT_PROJECT_VERSION = 1;
				DEVELOPMENT_ASSET_PATHS = "\"swiftui_chatapp/Preview Content\"";
				DEVELOPMENT_TEAM = BU7D27M3D7;
				ENABLE_PREVIEWS = YES;
				GENERATE_INFOPLIST_FILE = YES;
				INFOPLIST_FILE = "swiftui-chatapp-Info.plist";
				INFOPLIST_KEY_UIApplicationSceneManifest_Generation = YES;
				INFOPLIST_KEY_UIApplicationSupportsIndirectInputEvents = YES;
				INFOPLIST_KEY_UILaunchScreen_Generation = YES;
				INFOPLIST_KEY_UISupportedInterfaceOrientations_iPad = "UIInterfaceOrientationPortrait UIInterfaceOrientationPortraitUpsideDown UIInterfaceOrientationLandscapeLeft UIInterfaceOrientationLandscapeRight";
				INFOPLIST_KEY_UISupportedInterfaceOrientations_iPhone = "UIInterfaceOrientationPortrait UIInterfaceOrientationLandscapeLeft UIInterfaceOrientationLandscapeRight";
				LD_RUNPATH_SEARCH_PATHS = (
					"$(inherited)",
					"@executable_path/Frameworks",
				);
				MARKETING_VERSION = 1.0;
				PRODUCT_BUNDLE_IDENTIFIER = "com.cagrisayir.swiftui-chatapp";
				PRODUCT_NAME = "$(TARGET_NAME)";
				SWIFT_EMIT_LOC_STRINGS = YES;
				SWIFT_VERSION = 5.0;
				TARGETED_DEVICE_FAMILY = "1,2";
			};
			name = Debug;
		};
		066E154D2B67895200E8D512 /* Release */ = {
			isa = XCBuildConfiguration;
			buildSettings = {
				ASSETCATALOG_COMPILER_APPICON_NAME = AppIcon;
				ASSETCATALOG_COMPILER_GLOBAL_ACCENT_COLOR_NAME = AccentColor;
				CODE_SIGN_ENTITLEMENTS = swiftui_chatapp/swiftui_chatapp.entitlements;
				CODE_SIGN_STYLE = Automatic;
				CURRENT_PROJECT_VERSION = 1;
				DEVELOPMENT_ASSET_PATHS = "\"swiftui_chatapp/Preview Content\"";
				DEVELOPMENT_TEAM = BU7D27M3D7;
				ENABLE_PREVIEWS = YES;
				GENERATE_INFOPLIST_FILE = YES;
				INFOPLIST_FILE = "swiftui-chatapp-Info.plist";
				INFOPLIST_KEY_UIApplicationSceneManifest_Generation = YES;
				INFOPLIST_KEY_UIApplicationSupportsIndirectInputEvents = YES;
				INFOPLIST_KEY_UILaunchScreen_Generation = YES;
				INFOPLIST_KEY_UISupportedInterfaceOrientations_iPad = "UIInterfaceOrientationPortrait UIInterfaceOrientationPortraitUpsideDown UIInterfaceOrientationLandscapeLeft UIInterfaceOrientationLandscapeRight";
				INFOPLIST_KEY_UISupportedInterfaceOrientations_iPhone = "UIInterfaceOrientationPortrait UIInterfaceOrientationLandscapeLeft UIInterfaceOrientationLandscapeRight";
				LD_RUNPATH_SEARCH_PATHS = (
					"$(inherited)",
					"@executable_path/Frameworks",
				);
				MARKETING_VERSION = 1.0;
				PRODUCT_BUNDLE_IDENTIFIER = "com.cagrisayir.swiftui-chatapp";
				PRODUCT_NAME = "$(TARGET_NAME)";
				SWIFT_EMIT_LOC_STRINGS = YES;
				SWIFT_VERSION = 5.0;
				TARGETED_DEVICE_FAMILY = "1,2";
			};
			name = Release;
		};
/* End XCBuildConfiguration section */

/* Begin XCConfigurationList section */
		066E15382B67895100E8D512 /* Build configuration list for PBXProject "swiftui_chatapp" */ = {
			isa = XCConfigurationList;
			buildConfigurations = (
				066E15492B67895200E8D512 /* Debug */,
				066E154A2B67895200E8D512 /* Release */,
			);
			defaultConfigurationIsVisible = 0;
			defaultConfigurationName = Release;
		};
		066E154B2B67895200E8D512 /* Build configuration list for PBXNativeTarget "swiftui_chatapp" */ = {
			isa = XCConfigurationList;
			buildConfigurations = (
				066E154C2B67895200E8D512 /* Debug */,
				066E154D2B67895200E8D512 /* Release */,
			);
			defaultConfigurationIsVisible = 0;
			defaultConfigurationName = Release;
		};
/* End XCConfigurationList section */

/* Begin XCRemoteSwiftPackageReference section */
		061E2F232B6CFB6700209E16 /* XCRemoteSwiftPackageReference "firebase-ios-sdk" */ = {
			isa = XCRemoteSwiftPackageReference;
			repositoryURL = "https://github.com/firebase/firebase-ios-sdk";
			requirement = {
				kind = upToNextMajorVersion;
				minimumVersion = 10.20.0;
			};
		};
/* End XCRemoteSwiftPackageReference section */

/* Begin XCSwiftPackageProductDependency section */
		061E2F242B6CFB6700209E16 /* FirebaseAppDistribution-Beta */ = {
			isa = XCSwiftPackageProductDependency;
			package = 061E2F232B6CFB6700209E16 /* XCRemoteSwiftPackageReference "firebase-ios-sdk" */;
			productName = "FirebaseAppDistribution-Beta";
		};
		061E2F262B6CFB6700209E16 /* FirebaseAuth */ = {
			isa = XCSwiftPackageProductDependency;
			package = 061E2F232B6CFB6700209E16 /* XCRemoteSwiftPackageReference "firebase-ios-sdk" */;
			productName = FirebaseAuth;
		};
		061E2F282B6CFB6700209E16 /* FirebaseAuthCombine-Community */ = {
			isa = XCSwiftPackageProductDependency;
			package = 061E2F232B6CFB6700209E16 /* XCRemoteSwiftPackageReference "firebase-ios-sdk" */;
			productName = "FirebaseAuthCombine-Community";
		};
		061E2F2A2B6CFB6700209E16 /* FirebaseDatabase */ = {
			isa = XCSwiftPackageProductDependency;
			package = 061E2F232B6CFB6700209E16 /* XCRemoteSwiftPackageReference "firebase-ios-sdk" */;
			productName = FirebaseDatabase;
		};
		061E2F2C2B6CFB6700209E16 /* FirebaseDatabaseSwift */ = {
			isa = XCSwiftPackageProductDependency;
			package = 061E2F232B6CFB6700209E16 /* XCRemoteSwiftPackageReference "firebase-ios-sdk" */;
			productName = FirebaseDatabaseSwift;
		};
		061E2F2E2B6CFB6700209E16 /* FirebaseFirestore */ = {
			isa = XCSwiftPackageProductDependency;
			package = 061E2F232B6CFB6700209E16 /* XCRemoteSwiftPackageReference "firebase-ios-sdk" */;
			productName = FirebaseFirestore;
		};
		061E2F302B6CFB6700209E16 /* FirebaseFirestoreCombine-Community */ = {
			isa = XCSwiftPackageProductDependency;
			package = 061E2F232B6CFB6700209E16 /* XCRemoteSwiftPackageReference "firebase-ios-sdk" */;
			productName = "FirebaseFirestoreCombine-Community";
		};
		061E2F322B6CFB6700209E16 /* FirebaseFirestoreSwift */ = {
			isa = XCSwiftPackageProductDependency;
			package = 061E2F232B6CFB6700209E16 /* XCRemoteSwiftPackageReference "firebase-ios-sdk" */;
			productName = FirebaseFirestoreSwift;
		};
		061E2F342B6CFB6700209E16 /* FirebaseFunctions */ = {
			isa = XCSwiftPackageProductDependency;
			package = 061E2F232B6CFB6700209E16 /* XCRemoteSwiftPackageReference "firebase-ios-sdk" */;
			productName = FirebaseFunctions;
		};
		061E2F362B6CFB6700209E16 /* FirebaseFunctionsCombine-Community */ = {
			isa = XCSwiftPackageProductDependency;
			package = 061E2F232B6CFB6700209E16 /* XCRemoteSwiftPackageReference "firebase-ios-sdk" */;
			productName = "FirebaseFunctionsCombine-Community";
		};
		061E2F382B6CFB6700209E16 /* FirebaseStorage */ = {
			isa = XCSwiftPackageProductDependency;
			package = 061E2F232B6CFB6700209E16 /* XCRemoteSwiftPackageReference "firebase-ios-sdk" */;
			productName = FirebaseStorage;
		};
		061E2F3A2B6CFB6700209E16 /* FirebaseStorageCombine-Community */ = {
			isa = XCSwiftPackageProductDependency;
			package = 061E2F232B6CFB6700209E16 /* XCRemoteSwiftPackageReference "firebase-ios-sdk" */;
			productName = "FirebaseStorageCombine-Community";
		};
/* End XCSwiftPackageProductDependency section */
	};
	rootObject = 066E15352B67895100E8D512 /* Project object */;
}
